
Microsoft Visual Studio Solution File, Format Version 12.00
# Visual Studio 14
VisualStudioVersion = 14.0.25420.1
MinimumVisualStudioVersion = 10.0.40219.1
Project("{FAE04EC0-301F-11D3-BF4B-00C04F79EFBC}") = "MiscTests", "MiscTests\MiscTests.csproj", "{D2AD2AEC-E672-48F5-A9A9-9D6FBC714FE1}"
EndProject
Project("{FAE04EC0-301F-11D3-BF4B-00C04F79EFBC}") = "CLP.Common", "CLP.Common\CLP.Common.csproj", "{4FB974FE-CD00-422D-AC3E-0D795B39A11F}"
EndProject
Project("{FAE04EC0-301F-11D3-BF4B-00C04F79EFBC}") = "CLP.WoW", "CLP.WoW\CLP.WoW.csproj", "{F328DF96-F35B-4256-B4DB-83D1236665A0}"
EndProject
Global
	GlobalSection(SolutionConfigurationPlatforms) = preSolution
		Debug|Any CPU = Debug|Any CPU
		Release|Any CPU = Release|Any CPU
	EndGlobalSection
	GlobalSection(ProjectConfigurationPlatforms) = postSolution
		{D2AD2AEC-E672-48F5-A9A9-9D6FBC714FE1}.Debug|Any CPU.ActiveCfg = Debug|Any CPU
		{D2AD2AEC-E672-48F5-A9A9-9D6FBC714FE1}.Debug|Any CPU.Build.0 = Debug|Any CPU
		{D2AD2AEC-E672-48F5-A9A9-9D6FBC714FE1}.Release|Any CPU.ActiveCfg = Release|Any CPU
		{D2AD2AEC-E672-48F5-A9A9-9D6FBC714FE1}.Release|Any CPU.Build.0 = Release|Any CPU
		{4FB974FE-CD00-422D-AC3E-0D795B39A11F}.Debug|Any CPU.ActiveCfg = Debug|Any CPU
		{4FB974FE-CD00-422D-AC3E-0D795B39A11F}.Debug|Any CPU.Build.0 = Debug|Any CPU
		{4FB974FE-CD00-422D-AC3E-0D795B39A11F}.Release|Any CPU.ActiveCfg = Release|Any CPU
		{4FB974FE-CD00-422D-AC3E-0D795B39A11F}.Release|Any CPU.Build.0 = Release|Any CPU
		{F328DF96-F35B-4256-B4DB-83D1236665A0}.Debug|Any CPU.ActiveCfg = Debug|Any CPU
		{F328DF96-F35B-4256-B4DB-83D1236665A0}.Debug|Any CPU.Build.0 = Debug|Any CPU
		{F328DF96-F35B-4256-B4DB-83D1236665A0}.Release|Any CPU.ActiveCfg = Release|Any CPU
		{F328DF96-F35B-4256-B4DB-83D1236665A0}.Release|Any CPU.Build.0 = Release|Any CPU
	EndGlobalSection
	GlobalSection(SolutionProperties) = preSolution
		HideSolutionNode = FALSE
	EndGlobalSection
EndGlobal
